
Microsoft Visual Studio Solution File, Format Version 12.00
# Visual Studio Version 17
VisualStudioVersion = 17.11.35327.3
MinimumVisualStudioVersion = 10.0.40219.1
Project("{9A19103F-16F7-4668-BE54-9A1E7A4F7556}") = "SemanticaAnalysisTextualData", "SemanticaAnalysisTextualData.csproj", "{D5267243-8B47-441A-978F-F9C8461D58EC}"
EndProject
Project("{2150E333-8FDC-42A3-9474-1A3956D46DE8}") = "Solution Items", "Solution Items", "{E2391D27-F233-4763-9840-1C5A2A133A90}"
	ProjectSection(SolutionItems) = preProject
		.editorconfig = .editorconfig
	EndProjectSection
EndProject
Project("{FAE04EC0-301F-11D3-BF4B-00C04F79EFBC}") = "SemanticAnalysisTestsProject", "Source\UnitTestsProject\SemanticAnalysisTestsProject\SemanticAnalysisTestsProject.csproj", "{D43E00F0-AD2B-4621-8319-138F5AC3F88C}"
	ProjectSection(ProjectDependencies) = postProject
		{D5267243-8B47-441A-978F-F9C8461D58EC} = {D5267243-8B47-441A-978F-F9C8461D58EC}
	EndProjectSection
EndProject
Global
	GlobalSection(SolutionConfigurationPlatforms) = preSolution
		Debug|Any CPU = Debug|Any CPU
		Release|Any CPU = Release|Any CPU
	EndGlobalSection
	GlobalSection(ProjectConfigurationPlatforms) = postSolution
		{D5267243-8B47-441A-978F-F9C8461D58EC}.Debug|Any CPU.ActiveCfg = Debug|Any CPU
		{D5267243-8B47-441A-978F-F9C8461D58EC}.Debug|Any CPU.Build.0 = Debug|Any CPU
		{D5267243-8B47-441A-978F-F9C8461D58EC}.Release|Any CPU.ActiveCfg = Release|Any CPU
		{D5267243-8B47-441A-978F-F9C8461D58EC}.Release|Any CPU.Build.0 = Release|Any CPU
		{D43E00F0-AD2B-4621-8319-138F5AC3F88C}.Debug|Any CPU.ActiveCfg = Debug|Any CPU
		{D43E00F0-AD2B-4621-8319-138F5AC3F88C}.Debug|Any CPU.Build.0 = Debug|Any CPU
		{D43E00F0-AD2B-4621-8319-138F5AC3F88C}.Release|Any CPU.ActiveCfg = Release|Any CPU
		{D43E00F0-AD2B-4621-8319-138F5AC3F88C}.Release|Any CPU.Build.0 = Release|Any CPU
	EndGlobalSection
	GlobalSection(SolutionProperties) = preSolution
		HideSolutionNode = FALSE
	EndGlobalSection
	GlobalSection(ExtensibilityGlobals) = postSolution
		SolutionGuid = {D49EAEB4-6082-4B8F-A35E-65B6D57CD045}
	EndGlobalSection
EndGlobal
