
Microsoft Visual Studio Solution File, Format Version 12.00
# Visual Studio Version 17
VisualStudioVersion = 17.11.35327.3
MinimumVisualStudioVersion = 10.0.40219.1
Project("{9A19103F-16F7-4668-BE54-9A1E7A4F7556}") = "SemanticaAnalysisTextualData", "SemanticaAnalysisTextualData\SemanticaAnalysisTextualData.csproj", "{D5267243-8B47-441A-978F-F9C8461D58EC}"
EndProject
Project("{FAE04EC0-301F-11D3-BF4B-00C04F79EFBC}") = "SemanticaAnalysisTextualDataTest", "TestProject1\SemanticaAnalysisTextualDataTest.csproj", "{69EF4A2C-0B55-4794-85AE-117B70314170}"
EndProject
Project("{FAE04EC0-301F-11D3-BF4B-00C04F79EFBC}") = "TestPreprocessing", "TestPreprocessing\TestPreprocessing.csproj", "{8F087895-B699-4D25-B807-E75F734DED2B}"
EndProject
Global
	GlobalSection(SolutionConfigurationPlatforms) = preSolution
		Debug|Any CPU = Debug|Any CPU
		Release|Any CPU = Release|Any CPU
	EndGlobalSection
	GlobalSection(ProjectConfigurationPlatforms) = postSolution
		{D5267243-8B47-441A-978F-F9C8461D58EC}.Debug|Any CPU.ActiveCfg = Debug|Any CPU
		{D5267243-8B47-441A-978F-F9C8461D58EC}.Debug|Any CPU.Build.0 = Debug|Any CPU
		{D5267243-8B47-441A-978F-F9C8461D58EC}.Release|Any CPU.ActiveCfg = Release|Any CPU
		{D5267243-8B47-441A-978F-F9C8461D58EC}.Release|Any CPU.Build.0 = Release|Any CPU
		{69EF4A2C-0B55-4794-85AE-117B70314170}.Debug|Any CPU.ActiveCfg = Debug|Any CPU
		{69EF4A2C-0B55-4794-85AE-117B70314170}.Debug|Any CPU.Build.0 = Debug|Any CPU
		{69EF4A2C-0B55-4794-85AE-117B70314170}.Release|Any CPU.ActiveCfg = Release|Any CPU
		{69EF4A2C-0B55-4794-85AE-117B70314170}.Release|Any CPU.Build.0 = Release|Any CPU
	EndGlobalSection
	GlobalSection(SolutionProperties) = preSolution
		HideSolutionNode = FALSE
	EndGlobalSection
	GlobalSection(ExtensibilityGlobals) = postSolution
		SolutionGuid = {D49EAEB4-6082-4B8F-A35E-65B6D57CD045}
	EndGlobalSection
EndGlobal
